
Microsoft Visual Studio Solution File, Format Version 12.00
Project("{2150E333-8FDC-42A3-9474-1A3956D46DE8}") = "Patterns", "Patterns", "{91639ED5-CDCE-487D-93F6-55BA70722F37}"
EndProject
Project("{FAE04EC0-301F-11D3-BF4B-00C04F79EFBC}") = "Singleton", "Patterns\Singleton\Singleton.csproj", "{7AE7530C-6333-40B4-ADFE-17434905C1A5}"
EndProject
Project("{FAE04EC0-301F-11D3-BF4B-00C04F79EFBC}") = "Test", "Test\Test.csproj", "{1815A0CC-F77E-4635-988C-0C426AD1C855}"
EndProject
Project("{FAE04EC0-301F-11D3-BF4B-00C04F79EFBC}") = "Prototype", "Patterns\Prototype\Prototype.csproj", "{D30ED153-F092-4F8D-98DA-E72EAB9A281B}"
EndProject
Project("{FAE04EC0-301F-11D3-BF4B-00C04F79EFBC}") = "Factory", "Patterns\Factory\Factory.csproj", "{9B625A97-6C27-481C-9672-80245C80C8D6}"
EndProject
Global
	GlobalSection(SolutionConfigurationPlatforms) = preSolution
		Debug|Any CPU = Debug|Any CPU
		Release|Any CPU = Release|Any CPU
	EndGlobalSection
	GlobalSection(ProjectConfigurationPlatforms) = postSolution
		{7AE7530C-6333-40B4-ADFE-17434905C1A5}.Debug|Any CPU.ActiveCfg = Debug|Any CPU
		{7AE7530C-6333-40B4-ADFE-17434905C1A5}.Debug|Any CPU.Build.0 = Debug|Any CPU
		{7AE7530C-6333-40B4-ADFE-17434905C1A5}.Release|Any CPU.ActiveCfg = Release|Any CPU
		{7AE7530C-6333-40B4-ADFE-17434905C1A5}.Release|Any CPU.Build.0 = Release|Any CPU
		{1815A0CC-F77E-4635-988C-0C426AD1C855}.Debug|Any CPU.ActiveCfg = Debug|Any CPU
		{1815A0CC-F77E-4635-988C-0C426AD1C855}.Debug|Any CPU.Build.0 = Debug|Any CPU
		{1815A0CC-F77E-4635-988C-0C426AD1C855}.Release|Any CPU.ActiveCfg = Release|Any CPU
		{1815A0CC-F77E-4635-988C-0C426AD1C855}.Release|Any CPU.Build.0 = Release|Any CPU
		{D30ED153-F092-4F8D-98DA-E72EAB9A281B}.Debug|Any CPU.ActiveCfg = Debug|Any CPU
		{D30ED153-F092-4F8D-98DA-E72EAB9A281B}.Debug|Any CPU.Build.0 = Debug|Any CPU
		{D30ED153-F092-4F8D-98DA-E72EAB9A281B}.Release|Any CPU.ActiveCfg = Release|Any CPU
		{D30ED153-F092-4F8D-98DA-E72EAB9A281B}.Release|Any CPU.Build.0 = Release|Any CPU
		{9B625A97-6C27-481C-9672-80245C80C8D6}.Debug|Any CPU.ActiveCfg = Debug|Any CPU
		{9B625A97-6C27-481C-9672-80245C80C8D6}.Debug|Any CPU.Build.0 = Debug|Any CPU
		{9B625A97-6C27-481C-9672-80245C80C8D6}.Release|Any CPU.ActiveCfg = Release|Any CPU
		{9B625A97-6C27-481C-9672-80245C80C8D6}.Release|Any CPU.Build.0 = Release|Any CPU
	EndGlobalSection
	GlobalSection(NestedProjects) = preSolution
		{7AE7530C-6333-40B4-ADFE-17434905C1A5} = {91639ED5-CDCE-487D-93F6-55BA70722F37}
		{D30ED153-F092-4F8D-98DA-E72EAB9A281B} = {91639ED5-CDCE-487D-93F6-55BA70722F37}
		{9B625A97-6C27-481C-9672-80245C80C8D6} = {91639ED5-CDCE-487D-93F6-55BA70722F37}
	EndGlobalSection
EndGlobal
